
Microsoft Visual Studio Solution File, Format Version 12.00
# Visual Studio Version 16
VisualStudioVersion = 16.0.29418.71
MinimumVisualStudioVersion = 10.0.40219.1
Project("{FAE04EC0-301F-11D3-BF4B-00C04F79EFBC}") = "M1N3SW33P3R", "M1N3SW33P3R\M1N3SW33P3R.csproj", "{64F01517-D6DF-4E4E-A687-D556D020AEDC}"
EndProject
Global
	GlobalSection(SolutionConfigurationPlatforms) = preSolution
		Debug|Any CPU = Debug|Any CPU
		Release|Any CPU = Release|Any CPU
	EndGlobalSection
	GlobalSection(ProjectConfigurationPlatforms) = postSolution
		{64F01517-D6DF-4E4E-A687-D556D020AEDC}.Debug|Any CPU.ActiveCfg = Debug|Any CPU
		{64F01517-D6DF-4E4E-A687-D556D020AEDC}.Debug|Any CPU.Build.0 = Debug|Any CPU
		{64F01517-D6DF-4E4E-A687-D556D020AEDC}.Release|Any CPU.ActiveCfg = Release|Any CPU
		{64F01517-D6DF-4E4E-A687-D556D020AEDC}.Release|Any CPU.Build.0 = Release|Any CPU
	EndGlobalSection
	GlobalSection(SolutionProperties) = preSolution
		HideSolutionNode = FALSE
	EndGlobalSection
	GlobalSection(ExtensibilityGlobals) = postSolution
		SolutionGuid = {504564F1-4986-4141-B88C-B14761388380}
	EndGlobalSection
EndGlobal
